
Microsoft Visual Studio Solution File, Format Version 12.00
# Visual Studio 15
VisualStudioVersion = 15.0.28307.438
MinimumVisualStudioVersion = 10.0.40219.1
Project("{FAE04EC0-301F-11D3-BF4B-00C04F79EFBC}") = "BibliotecaGames.Site", "BibliotecaGames.Site\BibliotecaGames.Site.csproj", "{4E9D0E12-BD0D-4443-BD98-E47DD4F65D1F}"
EndProject
Project("{FAE04EC0-301F-11D3-BF4B-00C04F79EFBC}") = "BibliotecaGames.BLL", "BibliotecaGames.BLL\BibliotecaGames.BLL.csproj", "{8ABF9931-C445-493F-B229-86EDF92036FA}"
EndProject
Project("{FAE04EC0-301F-11D3-BF4B-00C04F79EFBC}") = "BibliotecaGames.DAL", "BibliotecaGames.DAL\BibliotecaGames.DAL.csproj", "{25223852-4E2C-40E3-8EA9-BEBB69DE95A5}"
EndProject
Global
	GlobalSection(SolutionConfigurationPlatforms) = preSolution
		Debug|Any CPU = Debug|Any CPU
		Release|Any CPU = Release|Any CPU
	EndGlobalSection
	GlobalSection(ProjectConfigurationPlatforms) = postSolution
		{4E9D0E12-BD0D-4443-BD98-E47DD4F65D1F}.Debug|Any CPU.ActiveCfg = Debug|Any CPU
		{4E9D0E12-BD0D-4443-BD98-E47DD4F65D1F}.Debug|Any CPU.Build.0 = Debug|Any CPU
		{4E9D0E12-BD0D-4443-BD98-E47DD4F65D1F}.Release|Any CPU.ActiveCfg = Release|Any CPU
		{4E9D0E12-BD0D-4443-BD98-E47DD4F65D1F}.Release|Any CPU.Build.0 = Release|Any CPU
		{8ABF9931-C445-493F-B229-86EDF92036FA}.Debug|Any CPU.ActiveCfg = Debug|Any CPU
		{8ABF9931-C445-493F-B229-86EDF92036FA}.Debug|Any CPU.Build.0 = Debug|Any CPU
		{8ABF9931-C445-493F-B229-86EDF92036FA}.Release|Any CPU.ActiveCfg = Release|Any CPU
		{8ABF9931-C445-493F-B229-86EDF92036FA}.Release|Any CPU.Build.0 = Release|Any CPU
		{25223852-4E2C-40E3-8EA9-BEBB69DE95A5}.Debug|Any CPU.ActiveCfg = Debug|Any CPU
		{25223852-4E2C-40E3-8EA9-BEBB69DE95A5}.Debug|Any CPU.Build.0 = Debug|Any CPU
		{25223852-4E2C-40E3-8EA9-BEBB69DE95A5}.Release|Any CPU.ActiveCfg = Release|Any CPU
		{25223852-4E2C-40E3-8EA9-BEBB69DE95A5}.Release|Any CPU.Build.0 = Release|Any CPU
	EndGlobalSection
	GlobalSection(SolutionProperties) = preSolution
		HideSolutionNode = FALSE
	EndGlobalSection
	GlobalSection(ExtensibilityGlobals) = postSolution
		SolutionGuid = {338229D9-4195-451C-9D8D-A22D0FB4AA18}
	EndGlobalSection
EndGlobal
